
Microsoft Visual Studio Solution File, Format Version 12.00
# Visual Studio Version 17
VisualStudioVersion = 17.2.32526.322
MinimumVisualStudioVersion = 10.0.40219.1
Project("{FAE04EC0-301F-11D3-BF4B-00C04F79EFBC}") = "StringSplitter", "StringSplitter\StringSplitter.csproj", "{2CD1417D-D06A-43A6-8B66-48AB34796007}"
EndProject
Global
	GlobalSection(SolutionConfigurationPlatforms) = preSolution
		Debug|Any CPU = Debug|Any CPU
		Release|Any CPU = Release|Any CPU
	EndGlobalSection
	GlobalSection(ProjectConfigurationPlatforms) = postSolution
		{2CD1417D-D06A-43A6-8B66-48AB34796007}.Debug|Any CPU.ActiveCfg = Debug|Any CPU
		{2CD1417D-D06A-43A6-8B66-48AB34796007}.Debug|Any CPU.Build.0 = Debug|Any CPU
		{2CD1417D-D06A-43A6-8B66-48AB34796007}.Release|Any CPU.ActiveCfg = Release|Any CPU
		{2CD1417D-D06A-43A6-8B66-48AB34796007}.Release|Any CPU.Build.0 = Release|Any CPU
	EndGlobalSection
	GlobalSection(SolutionProperties) = preSolution
		HideSolutionNode = FALSE
	EndGlobalSection
	GlobalSection(ExtensibilityGlobals) = postSolution
		SolutionGuid = {9561FE3E-6B7E-4A30-923C-28666C1232EC}
	EndGlobalSection
EndGlobal
